
Microsoft Visual Studio Solution File, Format Version 12.00
# Visual Studio Version 17
VisualStudioVersion = 17.3.32929.385
MinimumVisualStudioVersion = 10.0.40219.1
Project("{FAE04EC0-301F-11D3-BF4B-00C04F79EFBC}") = "EmployeeDetails", "EmployeeDetails\EmployeeDetails.csproj", "{5518EF95-37E8-4799-9234-F4AB1FA1DB3C}"
EndProject
Global
	GlobalSection(SolutionConfigurationPlatforms) = preSolution
		Debug|Any CPU = Debug|Any CPU
		Release|Any CPU = Release|Any CPU
	EndGlobalSection
	GlobalSection(ProjectConfigurationPlatforms) = postSolution
		{5518EF95-37E8-4799-9234-F4AB1FA1DB3C}.Debug|Any CPU.ActiveCfg = Debug|Any CPU
		{5518EF95-37E8-4799-9234-F4AB1FA1DB3C}.Debug|Any CPU.Build.0 = Debug|Any CPU
		{5518EF95-37E8-4799-9234-F4AB1FA1DB3C}.Release|Any CPU.ActiveCfg = Release|Any CPU
		{5518EF95-37E8-4799-9234-F4AB1FA1DB3C}.Release|Any CPU.Build.0 = Release|Any CPU
	EndGlobalSection
	GlobalSection(SolutionProperties) = preSolution
		HideSolutionNode = FALSE
	EndGlobalSection
	GlobalSection(ExtensibilityGlobals) = postSolution
		SolutionGuid = {D70E98F6-BF70-44BF-87F1-4CA444FA7E71}
	EndGlobalSection
EndGlobal
